# This file is autogenerated, do not edit; changes may be undone by the next 'dep ensure'.


[[projects]]
  digest = "1:3fd41ce7b309363de70ad83461b77d857e4c6e0d0b5d6f59482ebd9524276676"
  name = "github.com/alecthomas/participle"
  packages = [
    ".",
    "lexer",
    "lexer/ebnf",
    "lexer/ebnf/internal",
  ]
  pruneopts = "UT"
  revision = "970ac163e3eaa95cf96536baeb4ed224af005b0a"
  version = "v0.2.0"

[solve-meta]
  analyzer-name = "dep"
  analyzer-version = 1
  input-imports = [
    "github.com/alecthomas/participle",
    "github.com/alecthomas/participle/lexer",
    "github.com/alecthomas/participle/lexer/ebnf",
  ]
  solver-name = "gps-cdcl"
  solver-version = 1
